
Microsoft Visual Studio Solution File, Format Version 12.00
# Visual Studio 15
VisualStudioVersion = 15.0.27004.2010
MinimumVisualStudioVersion = 10.0.40219.1
Project("{FAE04EC0-301F-11D3-BF4B-00C04F79EFBC}") = "App.Models", "App.Models\App.Models.csproj", "{21B80097-9B1F-45CE-910F-B3FB59AC89B3}"
EndProject
Project("{FAE04EC0-301F-11D3-BF4B-00C04F79EFBC}") = "App.Common", "App.Common\App.Common.csproj", "{971F5B70-73BB-421B-8109-EC44C0D34D42}"
EndProject
Project("{FAE04EC0-301F-11D3-BF4B-00C04F79EFBC}") = "App.Logging", "App.Logging\App.Logging.csproj", "{7D4679EC-BC69-472A-BF17-6F203738DDA0}"
EndProject
Project("{FAE04EC0-301F-11D3-BF4B-00C04F79EFBC}") = "App.Services", "App.Service\App.Services.csproj", "{B6916FA7-5F97-4FC0-B807-0311DD0BD973}"
EndProject
Project("{FAE04EC0-301F-11D3-BF4B-00C04F79EFBC}") = "Wpf", "Wpf\Wpf.csproj", "{C0010DC4-7459-454C-885A-2EA5F83165EE}"
EndProject
Global
	GlobalSection(SolutionConfigurationPlatforms) = preSolution
		Debug|Any CPU = Debug|Any CPU
		Release|Any CPU = Release|Any CPU
	EndGlobalSection
	GlobalSection(ProjectConfigurationPlatforms) = postSolution
		{21B80097-9B1F-45CE-910F-B3FB59AC89B3}.Debug|Any CPU.ActiveCfg = Debug|Any CPU
		{21B80097-9B1F-45CE-910F-B3FB59AC89B3}.Debug|Any CPU.Build.0 = Debug|Any CPU
		{21B80097-9B1F-45CE-910F-B3FB59AC89B3}.Release|Any CPU.ActiveCfg = Release|Any CPU
		{21B80097-9B1F-45CE-910F-B3FB59AC89B3}.Release|Any CPU.Build.0 = Release|Any CPU
		{971F5B70-73BB-421B-8109-EC44C0D34D42}.Debug|Any CPU.ActiveCfg = Debug|Any CPU
		{971F5B70-73BB-421B-8109-EC44C0D34D42}.Debug|Any CPU.Build.0 = Debug|Any CPU
		{971F5B70-73BB-421B-8109-EC44C0D34D42}.Release|Any CPU.ActiveCfg = Release|Any CPU
		{971F5B70-73BB-421B-8109-EC44C0D34D42}.Release|Any CPU.Build.0 = Release|Any CPU
		{7D4679EC-BC69-472A-BF17-6F203738DDA0}.Debug|Any CPU.ActiveCfg = Debug|Any CPU
		{7D4679EC-BC69-472A-BF17-6F203738DDA0}.Debug|Any CPU.Build.0 = Debug|Any CPU
		{7D4679EC-BC69-472A-BF17-6F203738DDA0}.Release|Any CPU.ActiveCfg = Release|Any CPU
		{7D4679EC-BC69-472A-BF17-6F203738DDA0}.Release|Any CPU.Build.0 = Release|Any CPU
		{B6916FA7-5F97-4FC0-B807-0311DD0BD973}.Debug|Any CPU.ActiveCfg = Debug|Any CPU
		{B6916FA7-5F97-4FC0-B807-0311DD0BD973}.Debug|Any CPU.Build.0 = Debug|Any CPU
		{B6916FA7-5F97-4FC0-B807-0311DD0BD973}.Release|Any CPU.ActiveCfg = Release|Any CPU
		{B6916FA7-5F97-4FC0-B807-0311DD0BD973}.Release|Any CPU.Build.0 = Release|Any CPU
		{C0010DC4-7459-454C-885A-2EA5F83165EE}.Debug|Any CPU.ActiveCfg = Debug|Any CPU
		{C0010DC4-7459-454C-885A-2EA5F83165EE}.Debug|Any CPU.Build.0 = Debug|Any CPU
		{C0010DC4-7459-454C-885A-2EA5F83165EE}.Release|Any CPU.ActiveCfg = Release|Any CPU
		{C0010DC4-7459-454C-885A-2EA5F83165EE}.Release|Any CPU.Build.0 = Release|Any CPU
	EndGlobalSection
	GlobalSection(SolutionProperties) = preSolution
		HideSolutionNode = FALSE
	EndGlobalSection
	GlobalSection(ExtensibilityGlobals) = postSolution
		SolutionGuid = {BC15F094-6332-46D6-95FD-3824BD686F7E}
	EndGlobalSection
EndGlobal
